// !$*UTF8*$!
{
	archiveVersion = 1;
	classes = {
	};
	objectVersion = 46;
	objects = {

/* Begin PBXBuildFile section */
		A29B99D71A4328CA008055C2 /* AppDelegate.swift in Sources */ = {isa = PBXBuildFile; fileRef = A29B99D61A4328CA008055C2 /* AppDelegate.swift */; };
		A29B99D91A4328CA008055C2 /* ViewController.swift in Sources */ = {isa = PBXBuildFile; fileRef = A29B99D81A4328CA008055C2 /* ViewController.swift */; };
		A29B99DC1A4328CA008055C2 /* Main.storyboard in Resources */ = {isa = PBXBuildFile; fileRef = A29B99DA1A4328CA008055C2 /* Main.storyboard */; };
		A29B99DE1A4328CA008055C2 /* Images.xcassets in Resources */ = {isa = PBXBuildFile; fileRef = A29B99DD1A4328CA008055C2 /* Images.xcassets */; };
		A29B99E11A4328CA008055C2 /* LaunchScreen.xib in Resources */ = {isa = PBXBuildFile; fileRef = A29B99DF1A4328CA008055C2 /* LaunchScreen.xib */; };
		A29B99ED1A4328CA008055C2 /* SlotMachineTests.swift in Sources */ = {isa = PBXBuildFile; fileRef = A29B99EC1A4328CA008055C2 /* SlotMachineTests.swift */; };
/* End PBXBuildFile section */

/* Begin PBXContainerItemProxy section */
		A29B99E71A4328CA008055C2 /* PBXContainerItemProxy */ = {
			isa = PBXContainerItemProxy;
			containerPortal = A29B99C91A4328CA008055C2 /* Project object */;
			proxyType = 1;
			remoteGlobalIDString = A29B99D01A4328CA008055C2;
			remoteInfo = SlotMachine;
		};
/* End PBXContainerItemProxy section */

/* Begin PBXFileReference section */
		A29B99D11A4328CA008055C2 /* SlotMachine.app */ = {isa = PBXFileReference; explicitFileType = wrapper.application; includeInIndex = 0; path = SlotMachine.app; sourceTree = BUILT_PRODUCTS_DIR; };
		A29B99D51A4328CA008055C2 /* Info.plist */ = {isa = PBXFileReference; lastKnownFileType = text.plist.xml; path = Info.plist; sourceTree = "<group>"; };
		A29B99D61A4328CA008055C2 /* AppDelegate.swift */ = {isa = PBXFileReference; lastKnownFileType = sourcecode.swift; path = AppDelegate.swift; sourceTree = "<group>"; };
		A29B99D81A4328CA008055C2 /* ViewController.swift */ = {isa = PBXFileReference; lastKnownFileType = sourcecode.swift; path = ViewController.swift; sourceTree = "<group>"; };
		A29B99DB1A4328CA008055C2 /* Base */ = {isa = PBXFileReference; lastKnownFileType = file.storyboard; name = Base; path = Base.lproj/Main.storyboard; sourceTree = "<group>"; };
		A29B99DD1A4328CA008055C2 /* Images.xcassets */ = {isa = PBXFileReference; lastKnownFileType = folder.assetcatalog; path = Images.xcassets; sourceTree = "<group>"; };
		A29B99E01A4328CA008055C2 /* Base */ = {isa = PBXFileReference; lastKnownFileType = file.xib; name = Base; path = Base.lproj/LaunchScreen.xib; sourceTree = "<group>"; };
		A29B99E61A4328CA008055C2 /* SlotMachineTests.xctest */ = {isa = PBXFileReference; explicitFileType = wrapper.cfbundle; includeInIndex = 0; path = SlotMachineTests.xctest; sourceTree = BUILT_PRODUCTS_DIR; };
		A29B99EB1A4328CA008055C2 /* Info.plist */ = {isa = PBXFileReference; lastKnownFileType = text.plist.xml; path = Info.plist; sourceTree = "<group>"; };
		A29B99EC1A4328CA008055C2 /* SlotMachineTests.swift */ = {isa = PBXFileReference; lastKnownFileType = sourcecode.swift; path = SlotMachineTests.swift; sourceTree = "<group>"; };
/* End PBXFileReference section */

/* Begin PBXFrameworksBuildPhase section */
		A29B99CE1A4328CA008055C2 /* Frameworks */ = {
			isa = PBXFrameworksBuildPhase;
			buildActionMask = 2147483647;
			files = (
			);
			runOnlyForDeploymentPostprocessing = 0;
		};
		A29B99E31A4328CA008055C2 /* Frameworks */ = {
			isa = PBXFrameworksBuildPhase;
			buildActionMask = 2147483647;
			files = (
			);
			runOnlyForDeploymentPostprocessing = 0;
		};
/* End PBXFrameworksBuildPhase section */

/* Begin PBXGroup section */
		A29B99C81A4328CA008055C2 = {
			isa = PBXGroup;
			children = (
				A29B99D31A4328CA008055C2 /* SlotMachine */,
				A29B99E91A4328CA008055C2 /* SlotMachineTests */,
				A29B99D21A4328CA008055C2 /* Products */,
			);
			sourceTree = "<group>";
		};
		A29B99D21A4328CA008055C2 /* Products */ = {
			isa = PBXGroup;
			children = (
				A29B99D11A4328CA008055C2 /* SlotMachine.app */,
				A29B99E61A4328CA008055C2 /* SlotMachineTests.xctest */,
			);
			name = Products;
			sourceTree = "<group>";
		};
		A29B99D31A4328CA008055C2 /* SlotMachine */ = {
			isa = PBXGroup;
			children = (
				A29B99D61A4328CA008055C2 /* AppDelegate.swift */,
				A29B99D81A4328CA008055C2 /* ViewController.swift */,
				A29B99DA1A4328CA008055C2 /* Main.storyboard */,
				A29B99DD1A4328CA008055C2 /* Images.xcassets */,
				A29B99DF1A4328CA008055C2 /* LaunchScreen.xib */,
				A29B99D41A4328CA008055C2 /* Supporting Files */,
			);
			path = SlotMachine;
			sourceTree = "<group>";
		};
		A29B99D41A4328CA008055C2 /* Supporting Files */ = {
			isa = PBXGroup;
			children = (
				A29B99D51A4328CA008055C2 /* Info.plist */,
			);
			name = "Supporting Files";
			sourceTree = "<group>";
		};
		A29B99E91A4328CA008055C2 /* SlotMachineTests */ = {
			isa = PBXGroup;
			children = (
				A29B99EC1A4328CA008055C2 /* SlotMachineTests.swift */,
				A29B99EA1A4328CA008055C2 /* Supporting Files */,
			);
			path = SlotMachineTests;
			sourceTree = "<group>";
		};
		A29B99EA1A4328CA008055C2 /* Supporting Files */ = {
			isa = PBXGroup;
			children = (
				A29B99EB1A4328CA008055C2 /* Info.plist */,
			);
			name = "Supporting Files";
			sourceTree = "<group>";
		};
/* End PBXGroup section */

/* Begin PBXNativeTarget section */
		A29B99D01A4328CA008055C2 /* SlotMachine */ = {
			isa = PBXNativeTarget;
			buildConfigurationList = A29B99F01A4328CA008055C2 /* Build configuration list for PBXNativeTarget "SlotMachine" */;
			buildPhases = (
				A29B99CD1A4328CA008055C2 /* Sources */,
				A29B99CE1A4328CA008055C2 /* Frameworks */,
				A29B99CF1A4328CA008055C2 /* Resources */,
			);
			buildRules = (
			);
			dependencies = (
			);
			name = SlotMachine;
			productName = SlotMachine;
			productReference = A29B99D11A4328CA008055C2 /* SlotMachine.app */;
			productType = "com.apple.product-type.application";
		};
		A29B99E51A4328CA008055C2 /* SlotMachineTests */ = {
			isa = PBXNativeTarget;
			buildConfigurationList = A29B99F31A4328CA008055C2 /* Build configuration list for PBXNativeTarget "SlotMachineTests" */;
			buildPhases = (
				A29B99E21A4328CA008055C2 /* Sources */,
				A29B99E31A4328CA008055C2 /* Frameworks */,
				A29B99E41A4328CA008055C2 /* Resources */,
			);
			buildRules = (
			);
			dependencies = (
				A29B99E81A4328CA008055C2 /* PBXTargetDependency */,
			);
			name = SlotMachineTests;
			productName = SlotMachineTests;
			productReference = A29B99E61A4328CA008055C2 /* SlotMachineTests.xctest */;
			productType = "com.apple.product-type.bundle.unit-test";
		};
/* End PBXNativeTarget section */

/* Begin PBXProject section */
		A29B99C91A4328CA008055C2 /* Project object */ = {
			isa = PBXProject;
			attributes = {
				LastUpgradeCheck = 0610;
				ORGANIZATIONNAME = "Santosh Sankar";
				TargetAttributes = {
					A29B99D01A4328CA008055C2 = {
						CreatedOnToolsVersion = 6.1;
					};
					A29B99E51A4328CA008055C2 = {
						CreatedOnToolsVersion = 6.1;
						TestTargetID = A29B99D01A4328CA008055C2;
					};
				};
			};
			buildConfigurationList = A29B99CC1A4328CA008055C2 /* Build configuration list for PBXProject "SlotMachine" */;
			compatibilityVersion = "Xcode 3.2";
			developmentRegion = English;
			hasScannedForEncodings = 0;
			knownRegions = (
				en,
				Base,
			);
			mainGroup = A29B99C81A4328CA008055C2;
			productRefGroup = A29B99D21A4328CA008055C2 /* Products */;
			projectDirPath = "";
			projectRoot = "";
			targets = (
				A29B99D01A4328CA008055C2 /* SlotMachine */,
				A29B99E51A4328CA008055C2 /* SlotMachineTests */,
			);
		};
/* End PBXProject section */

/* Begin PBXResourcesBuildPhase section */
		A29B99CF1A4328CA008055C2 /* Resources */ = {
			isa = PBXResourcesBuildPhase;
			buildActionMask = 2147483647;
			files = (
				A29B99DC1A4328CA008055C2 /* Main.storyboard in Resources */,
				A29B99E11A4328CA008055C2 /* LaunchScreen.xib in Resources */,
				A29B99DE1A4328CA008055C2 /* Images.xcassets in Resources */,
			);
			runOnlyForDeploymentPostprocessing = 0;
		};
		A29B99E41A4328CA008055C2 /* Resources */ = {
			isa = PBXResourcesBuildPhase;
			buildActionMask = 2147483647;
			files = (
			);
			runOnlyForDeploymentPostprocessing = 0;
		};
/* End PBXResourcesBuildPhase section */

/* Begin PBXSourcesBuildPhase section */
		A29B99CD1A4328CA008055C2 /* Sources */ = {
			isa = PBXSourcesBuildPhase;
			buildActionMask = 2147483647;
			files = (
				A29B99D91A4328CA008055C2 /* ViewController.swift in Sources */,
				A29B99D71A4328CA008055C2 /* AppDelegate.swift in Sources */,
			);
			runOnlyForDeploymentPostprocessing = 0;
		};
		A29B99E21A4328CA008055C2 /* Sources */ = {
			isa = PBXSourcesBuildPhase;
			buildActionMask = 2147483647;
			files = (
				A29B99ED1A4328CA008055C2 /* SlotMachineTests.swift in Sources */,
			);
			runOnlyForDeploymentPostprocessing = 0;
		};
/* End PBXSourcesBuildPhase section */

/* Begin PBXTargetDependency section */
		A29B99E81A4328CA008055C2 /* PBXTargetDependency */ = {
			isa = PBXTargetDependency;
			target = A29B99D01A4328CA008055C2 /* SlotMachine */;
			targetProxy = A29B99E71A4328CA008055C2 /* PBXContainerItemProxy */;
		};
/* End PBXTargetDependency section */

/* Begin PBXVariantGroup section */
		A29B99DA1A4328CA008055C2 /* Main.storyboard */ = {
			isa = PBXVariantGroup;
			children = (
				A29B99DB1A4328CA008055C2 /* Base */,
			);
			name = Main.storyboard;
			sourceTree = "<group>";
		};
		A29B99DF1A4328CA008055C2 /* LaunchScreen.xib */ = {
			isa = PBXVariantGroup;
			children = (
				A29B99E01A4328CA008055C2 /* Base */,
			);
			name = LaunchScreen.xib;
			sourceTree = "<group>";
		};
/* End PBXVariantGroup section */

/* Begin XCBuildConfiguration section */
		A29B99EE1A4328CA008055C2 /* Debug */ = {
			isa = XCBuildConfiguration;
			buildSettings = {
				ALWAYS_SEARCH_USER_PATHS = NO;
				CLANG_CXX_LANGUAGE_STANDARD = "gnu++0x";
				CLANG_CXX_LIBRARY = "libc++";
				CLANG_ENABLE_MODULES = YES;
				CLANG_ENABLE_OBJC_ARC = YES;
				CLANG_WARN_BOOL_CONVERSION = YES;
				CLANG_WARN_CONSTANT_CONVERSION = YES;
				CLANG_WARN_DIRECT_OBJC_ISA_USAGE = YES_ERROR;
				CLANG_WARN_EMPTY_BODY = YES;
				CLANG_WARN_ENUM_CONVERSION = YES;
				CLANG_WARN_INT_CONVERSION = YES;
				CLANG_WARN_OBJC_ROOT_CLASS = YES_ERROR;
				CLANG_WARN_UNREACHABLE_CODE = YES;
				CLANG_WARN__DUPLICATE_METHOD_MATCH = YES;
				"CODE_SIGN_IDENTITY[sdk=iphoneos*]" = "iPhone Developer";
				COPY_PHASE_STRIP = NO;
				ENABLE_STRICT_OBJC_MSGSEND = YES;
				GCC_C_LANGUAGE_STANDARD = gnu99;
				GCC_DYNAMIC_NO_PIC = NO;
				GCC_OPTIMIZATION_LEVEL = 0;
				GCC_PREPROCESSOR_DEFINITIONS = (
					"DEBUG=1",
					"$(inherited)",
				);
				GCC_SYMBOLS_PRIVATE_EXTERN = NO;
				GCC_WARN_64_TO_32_BIT_CONVERSION = YES;
				GCC_WARN_ABOUT_RETURN_TYPE = YES_ERROR;
				GCC_WARN_UNDECLARED_SELECTOR = YES;
				GCC_WARN_UNINITIALIZED_AUTOS = YES_AGGRESSIVE;
				GCC_WARN_UNUSED_FUNCTION = YES;
				GCC_WARN_UNUSED_VARIABLE = YES;
				IPHONEOS_DEPLOYMENT_TARGET = 8.1;
				MTL_ENABLE_DEBUG_INFO = YES;
				ONLY_ACTIVE_ARCH = YES;
				SDKROOT = iphoneos;
				SWIFT_OPTIMIZATION_LEVEL = "-Onone";
				TARGETED_DEVICE_FAMILY = "1,2";
			};
			name = Debug;
		};
		A29B99EF1A4328CA008055C2 /* Release */ = {
			isa = XCBuildConfiguration;
			buildSettings = {
				ALWAYS_SEARCH_USER_PATHS = NO;
				CLANG_CXX_LANGUAGE_STANDARD = "gnu++0x";
				CLANG_CXX_LIBRARY = "libc++";
				CLANG_ENABLE_MODULES = YES;
				CLANG_ENABLE_OBJC_ARC = YES;
				CLANG_WARN_BOOL_CONVERSION = YES;
				CLANG_WARN_CONSTANT_CONVERSION = YES;
				CLANG_WARN_DIRECT_OBJC_ISA_USAGE = YES_ERROR;
				CLANG_WARN_EMPTY_BODY = YES;
				CLANG_WARN_ENUM_CONVERSION = YES;
				CLANG_WARN_INT_CONVERSION = YES;
				CLANG_WARN_OBJC_ROOT_CLASS = YES_ERROR;
				CLANG_WARN_UNREACHABLE_CODE = YES;
				CLANG_WARN__DUPLICATE_METHOD_MATCH = YES;
				"CODE_SIGN_IDENTITY[sdk=iphoneos*]" = "iPhone Developer";
				COPY_PHASE_STRIP = YES;
				ENABLE_NS_ASSERTIONS = NO;
				ENABLE_STRICT_OBJC_MSGSEND = YES;
				GCC_C_LANGUAGE_STANDARD = gnu99;
				GCC_WARN_64_TO_32_BIT_CONVERSION = YES;
				GCC_WARN_ABOUT_RETURN_TYPE = YES_ERROR;
				GCC_WARN_UNDECLARED_SELECTOR = YES;
				GCC_WARN_UNINITIALIZED_AUTOS = YES_AGGRESSIVE;
				GCC_WARN_UNUSED_FUNCTION = YES;
				GCC_WARN_UNUSED_VARIABLE = YES;
				IPHONEOS_DEPLOYMENT_TARGET = 8.1;
				MTL_ENABLE_DEBUG_INFO = NO;
				SDKROOT = iphoneos;
				TARGETED_DEVICE_FAMILY = "1,2";
				VALIDATE_PRODUCT = YES;
			};
			name = Release;
		};
		A29B99F11A4328CA008055C2 /* Debug */ = {
			isa = XCBuildConfiguration;
			buildSettings = {
				ASSETCATALOG_COMPILER_APPICON_NAME = AppIcon;
				INFOPLIST_FILE = SlotMachine/Info.plist;
				LD_RUNPATH_SEARCH_PATHS = "$(inherited) @executable_path/Frameworks";
				PRODUCT_NAME = "$(TARGET_NAME)";
			};
			name = Debug;
		};
		A29B99F21A4328CA008055C2 /* Release */ = {
			isa = XCBuildConfiguration;
			buildSettings = {
				ASSETCATALOG_COMPILER_APPICON_NAME = AppIcon;
				INFOPLIST_FILE = SlotMachine/Info.plist;
				LD_RUNPATH_SEARCH_PATHS = "$(inherited) @executable_path/Frameworks";
				PRODUCT_NAME = "$(TARGET_NAME)";
			};
			name = Release;
		};
		A29B99F41A4328CA008055C2 /* Debug */ = {
			isa = XCBuildConfiguration;
			buildSettings = {
				BUNDLE_LOADER = "$(TEST_HOST)";
				FRAMEWORK_SEARCH_PATHS = (
					"$(SDKROOT)/Developer/Library/Frameworks",
					"$(inherited)",
				);
				GCC_PREPROCESSOR_DEFINITIONS = (
					"DEBUG=1",
					"$(inherited)",
				);
				INFOPLIST_FILE = SlotMachineTests/Info.plist;
				LD_RUNPATH_SEARCH_PATHS = "$(inherited) @executable_path/Frameworks @loader_path/Frameworks";
				PRODUCT_NAME = "$(TARGET_NAME)";
				TEST_HOST = "$(BUILT_PRODUCTS_DIR)/SlotMachine.app/SlotMachine";
			};
			name = Debug;
		};
		A29B99F51A4328CA008055C2 /* Release */ = {
			isa = XCBuildConfiguration;
			buildSettings = {
				BUNDLE_LOADER = "$(TEST_HOST)";
				FRAMEWORK_SEARCH_PATHS = (
					"$(SDKROOT)/Developer/Library/Frameworks",
					"$(inherited)",
				);
				INFOPLIST_FILE = SlotMachineTests/Info.plist;
				LD_RUNPATH_SEARCH_PATHS = "$(inherited) @executable_path/Frameworks @loader_path/Frameworks";
				PRODUCT_NAME = "$(TARGET_NAME)";
				TEST_HOST = "$(BUILT_PRODUCTS_DIR)/SlotMachine.app/SlotMachine";
			};
			name = Release;
		};
/* End XCBuildConfiguration section */

/* Begin XCConfigurationList section */
		A29B99CC1A4328CA008055C2 /* Build configuration list for PBXProject "SlotMachine" */ = {
			isa = XCConfigurationList;
			buildConfigurations = (
				A29B99EE1A4328CA008055C2 /* Debug */,
				A29B99EF1A4328CA008055C2 /* Release */,
			);
			defaultConfigurationIsVisible = 0;
			defaultConfigurationName = Release;
		};
		A29B99F01A4328CA008055C2 /* Build configuration list for PBXNativeTarget "SlotMachine" */ = {
			isa = XCConfigurationList;
			buildConfigurations = (
				A29B99F11A4328CA008055C2 /* Debug */,
				A29B99F21A4328CA008055C2 /* Release */,
			);
			defaultConfigurationIsVisible = 0;
		};
		A29B99F31A4328CA008055C2 /* Build configuration list for PBXNativeTarget "SlotMachineTests" */ = {
			isa = XCConfigurationList;
			buildConfigurations = (
				A29B99F41A4328CA008055C2 /* Debug */,
				A29B99F51A4328CA008055C2 /* Release */,
			);
			defaultConfigurationIsVisible = 0;
		};
/* End XCConfigurationList section */
	};
	rootObject = A29B99C91A4328CA008055C2 /* Project object */;
}
